// !$*UTF8*$!
{
	archiveVersion = 1;
	classes = {
	};
	objectVersion = 56;
	objects = {

/* Begin PBXBuildFile section */
		4929764029D36AC6009D8018 /* HomeView.swift in Sources */ = {isa = PBXBuildFile; fileRef = 4929763F29D36AC6009D8018 /* HomeView.swift */; };
		4929764229D36DE5009D8018 /* DayView.swift in Sources */ = {isa = PBXBuildFile; fileRef = 4929764129D36DE5009D8018 /* DayView.swift */; };
		4929764429D36DF8009D8018 /* AddView.swift in Sources */ = {isa = PBXBuildFile; fileRef = 4929764329D36DF8009D8018 /* AddView.swift */; };
		493E496329DC87D70057E2FA /* foodList.json in Resources */ = {isa = PBXBuildFile; fileRef = 493E496229DC87D70057E2FA /* foodList.json */; };
		49B776D829D74030008BB657 /* FoodList.swift in Sources */ = {isa = PBXBuildFile; fileRef = 49B776D729D74030008BB657 /* FoodList.swift */; };
		49B776DA29D74040008BB657 /* DayCalories.swift in Sources */ = {isa = PBXBuildFile; fileRef = 49B776D929D74040008BB657 /* DayCalories.swift */; };
		49B776DC29D7409C008BB657 /* FoodItem.swift in Sources */ = {isa = PBXBuildFile; fileRef = 49B776DB29D7409C008BB657 /* FoodItem.swift */; };
		49C74F3F29EEEAAC00ED1D1C /* GradientBackground.swift in Sources */ = {isa = PBXBuildFile; fileRef = 49C74F3E29EEEAAC00ED1D1C /* GradientBackground.swift */; };
		49C74F4129EEEC2100ED1D1C /* TabViewBackground.swift in Sources */ = {isa = PBXBuildFile; fileRef = 49C74F4029EEEC2100ED1D1C /* TabViewBackground.swift */; };
		49D2470229D3698600EFA156 /* CalorieTrackerApp.swift in Sources */ = {isa = PBXBuildFile; fileRef = 49D2470129D3698600EFA156 /* CalorieTrackerApp.swift */; };
		49D2470429D3698600EFA156 /* ContentView.swift in Sources */ = {isa = PBXBuildFile; fileRef = 49D2470329D3698600EFA156 /* ContentView.swift */; };
		49D2470629D3698700EFA156 /* Assets.xcassets in Resources */ = {isa = PBXBuildFile; fileRef = 49D2470529D3698700EFA156 /* Assets.xcassets */; };
		49D2470929D3698700EFA156 /* Preview Assets.xcassets in Resources */ = {isa = PBXBuildFile; fileRef = 49D2470829D3698700EFA156 /* Preview Assets.xcassets */; };
		49DBE51B29DDC75800873567 /* FoodRow.swift in Sources */ = {isa = PBXBuildFile; fileRef = 49DBE51A29DDC75700873567 /* FoodRow.swift */; };
/* End PBXBuildFile section */

/* Begin PBXFileReference section */
		4929763F29D36AC6009D8018 /* HomeView.swift */ = {isa = PBXFileReference; lastKnownFileType = sourcecode.swift; path = HomeView.swift; sourceTree = "<group>"; };
		4929764129D36DE5009D8018 /* DayView.swift */ = {isa = PBXFileReference; lastKnownFileType = sourcecode.swift; path = DayView.swift; sourceTree = "<group>"; };
		4929764329D36DF8009D8018 /* AddView.swift */ = {isa = PBXFileReference; lastKnownFileType = sourcecode.swift; path = AddView.swift; sourceTree = "<group>"; };
		493E496229DC87D70057E2FA /* foodList.json */ = {isa = PBXFileReference; fileEncoding = 4; lastKnownFileType = text.json; path = foodList.json; sourceTree = "<group>"; };
		49B776D729D74030008BB657 /* FoodList.swift */ = {isa = PBXFileReference; lastKnownFileType = sourcecode.swift; path = FoodList.swift; sourceTree = "<group>"; };
		49B776D929D74040008BB657 /* DayCalories.swift */ = {isa = PBXFileReference; lastKnownFileType = sourcecode.swift; path = DayCalories.swift; sourceTree = "<group>"; };
		49B776DB29D7409C008BB657 /* FoodItem.swift */ = {isa = PBXFileReference; lastKnownFileType = sourcecode.swift; path = FoodItem.swift; sourceTree = "<group>"; };
		49C74F3E29EEEAAC00ED1D1C /* GradientBackground.swift */ = {isa = PBXFileReference; lastKnownFileType = sourcecode.swift; path = GradientBackground.swift; sourceTree = "<group>"; };
		49C74F4029EEEC2100ED1D1C /* TabViewBackground.swift */ = {isa = PBXFileReference; lastKnownFileType = sourcecode.swift; path = TabViewBackground.swift; sourceTree = "<group>"; };
		49D246FE29D3698600EFA156 /* CalorieTracker.app */ = {isa = PBXFileReference; explicitFileType = wrapper.application; includeInIndex = 0; path = CalorieTracker.app; sourceTree = BUILT_PRODUCTS_DIR; };
		49D2470129D3698600EFA156 /* CalorieTrackerApp.swift */ = {isa = PBXFileReference; lastKnownFileType = sourcecode.swift; path = CalorieTrackerApp.swift; sourceTree = "<group>"; };
		49D2470329D3698600EFA156 /* ContentView.swift */ = {isa = PBXFileReference; lastKnownFileType = sourcecode.swift; path = ContentView.swift; sourceTree = "<group>"; };
		49D2470529D3698700EFA156 /* Assets.xcassets */ = {isa = PBXFileReference; lastKnownFileType = folder.assetcatalog; path = Assets.xcassets; sourceTree = "<group>"; };
		49D2470829D3698700EFA156 /* Preview Assets.xcassets */ = {isa = PBXFileReference; lastKnownFileType = folder.assetcatalog; path = "Preview Assets.xcassets"; sourceTree = "<group>"; };
		49DBE51A29DDC75700873567 /* FoodRow.swift */ = {isa = PBXFileReference; lastKnownFileType = sourcecode.swift; path = FoodRow.swift; sourceTree = "<group>"; };
/* End PBXFileReference section */

/* Begin PBXFrameworksBuildPhase section */
		49D246FB29D3698600EFA156 /* Frameworks */ = {
			isa = PBXFrameworksBuildPhase;
			buildActionMask = 2147483647;
			files = (
			);
			runOnlyForDeploymentPostprocessing = 0;
		};
/* End PBXFrameworksBuildPhase section */

/* Begin PBXGroup section */
		4929763D29D36AA5009D8018 /* Views */ = {
			isa = PBXGroup;
			children = (
				4929763F29D36AC6009D8018 /* HomeView.swift */,
				4929764129D36DE5009D8018 /* DayView.swift */,
				4929764329D36DF8009D8018 /* AddView.swift */,
				49DBE51A29DDC75700873567 /* FoodRow.swift */,
				49C74F3E29EEEAAC00ED1D1C /* GradientBackground.swift */,
				49C74F4029EEEC2100ED1D1C /* TabViewBackground.swift */,
			);
			path = Views;
			sourceTree = "<group>";
		};
		4929763E29D36AAA009D8018 /* Models */ = {
			isa = PBXGroup;
			children = (
				49B776D729D74030008BB657 /* FoodList.swift */,
				49B776D929D74040008BB657 /* DayCalories.swift */,
				49B776DB29D7409C008BB657 /* FoodItem.swift */,
			);
			path = Models;
			sourceTree = "<group>";
		};
		49D246F529D3698500EFA156 = {
			isa = PBXGroup;
			children = (
				49D2470029D3698600EFA156 /* CalorieTracker */,
				49D246FF29D3698600EFA156 /* Products */,
			);
			sourceTree = "<group>";
		};
		49D246FF29D3698600EFA156 /* Products */ = {
			isa = PBXGroup;
			children = (
				49D246FE29D3698600EFA156 /* CalorieTracker.app */,
			);
			name = Products;
			sourceTree = "<group>";
		};
		49D2470029D3698600EFA156 /* CalorieTracker */ = {
			isa = PBXGroup;
			children = (
				4929763E29D36AAA009D8018 /* Models */,
				4929763D29D36AA5009D8018 /* Views */,
				49FD8D0C29DC773400E20482 /* Resources */,
				49D2470129D3698600EFA156 /* CalorieTrackerApp.swift */,
				49D2470329D3698600EFA156 /* ContentView.swift */,
				49D2470529D3698700EFA156 /* Assets.xcassets */,
				49D2470729D3698700EFA156 /* Preview Content */,
			);
			path = CalorieTracker;
			sourceTree = "<group>";
		};
		49D2470729D3698700EFA156 /* Preview Content */ = {
			isa = PBXGroup;
			children = (
				49D2470829D3698700EFA156 /* Preview Assets.xcassets */,
			);
			path = "Preview Content";
			sourceTree = "<group>";
		};
		49FD8D0C29DC773400E20482 /* Resources */ = {
			isa = PBXGroup;
			children = (
				493E496229DC87D70057E2FA /* foodList.json */,
			);
			path = Resources;
			sourceTree = "<group>";
		};
/* End PBXGroup section */

/* Begin PBXNativeTarget section */
		49D246FD29D3698600EFA156 /* CalorieTracker */ = {
			isa = PBXNativeTarget;
			buildConfigurationList = 49D2470C29D3698700EFA156 /* Build configuration list for PBXNativeTarget "CalorieTracker" */;
			buildPhases = (
				49D246FA29D3698600EFA156 /* Sources */,
				49D246FB29D3698600EFA156 /* Frameworks */,
				49D246FC29D3698600EFA156 /* Resources */,
			);
			buildRules = (
			);
			dependencies = (
			);
			name = CalorieTracker;
			productName = CalorieTracker;
			productReference = 49D246FE29D3698600EFA156 /* CalorieTracker.app */;
			productType = "com.apple.product-type.application";
		};
/* End PBXNativeTarget section */

/* Begin PBXProject section */
		49D246F629D3698500EFA156 /* Project object */ = {
			isa = PBXProject;
			attributes = {
				BuildIndependentTargetsInParallel = 1;
				LastSwiftUpdateCheck = 1420;
				LastUpgradeCheck = 1420;
				TargetAttributes = {
					49D246FD29D3698600EFA156 = {
						CreatedOnToolsVersion = 14.2;
					};
				};
			};
			buildConfigurationList = 49D246F929D3698500EFA156 /* Build configuration list for PBXProject "CalorieTracker" */;
			compatibilityVersion = "Xcode 14.0";
			developmentRegion = en;
			hasScannedForEncodings = 0;
			knownRegions = (
				en,
				Base,
			);
			mainGroup = 49D246F529D3698500EFA156;
			productRefGroup = 49D246FF29D3698600EFA156 /* Products */;
			projectDirPath = "";
			projectRoot = "";
			targets = (
				49D246FD29D3698600EFA156 /* CalorieTracker */,
			);
		};
/* End PBXProject section */

/* Begin PBXResourcesBuildPhase section */
		49D246FC29D3698600EFA156 /* Resources */ = {
			isa = PBXResourcesBuildPhase;
			buildActionMask = 2147483647;
			files = (
				49D2470929D3698700EFA156 /* Preview Assets.xcassets in Resources */,
				493E496329DC87D70057E2FA /* foodList.json in Resources */,
				49D2470629D3698700EFA156 /* Assets.xcassets in Resources */,
			);
			runOnlyForDeploymentPostprocessing = 0;
		};
/* End PBXResourcesBuildPhase section */

/* Begin PBXSourcesBuildPhase section */
		49D246FA29D3698600EFA156 /* Sources */ = {
			isa = PBXSourcesBuildPhase;
			buildActionMask = 2147483647;
			files = (
				49DBE51B29DDC75800873567 /* FoodRow.swift in Sources */,
				49B776DC29D7409C008BB657 /* FoodItem.swift in Sources */,
				4929764029D36AC6009D8018 /* HomeView.swift in Sources */,
				49C74F4129EEEC2100ED1D1C /* TabViewBackground.swift in Sources */,
				4929764229D36DE5009D8018 /* DayView.swift in Sources */,
				49B776DA29D74040008BB657 /* DayCalories.swift in Sources */,
				49C74F3F29EEEAAC00ED1D1C /* GradientBackground.swift in Sources */,
				4929764429D36DF8009D8018 /* AddView.swift in Sources */,
				49B776D829D74030008BB657 /* FoodList.swift in Sources */,
				49D2470429D3698600EFA156 /* ContentView.swift in Sources */,
				49D2470229D3698600EFA156 /* CalorieTrackerApp.swift in Sources */,
			);
			runOnlyForDeploymentPostprocessing = 0;
		};
/* End PBXSourcesBuildPhase section */

/* Begin XCBuildConfiguration section */
		49D2470A29D3698700EFA156 /* Debug */ = {
			isa = XCBuildConfiguration;
			buildSettings = {
				ALWAYS_SEARCH_USER_PATHS = NO;
				CLANG_ANALYZER_NONNULL = YES;
				CLANG_ANALYZER_NUMBER_OBJECT_CONVERSION = YES_AGGRESSIVE;
				CLANG_CXX_LANGUAGE_STANDARD = "gnu++20";
				CLANG_ENABLE_MODULES = YES;
				CLANG_ENABLE_OBJC_ARC = YES;
				CLANG_ENABLE_OBJC_WEAK = YES;
				CLANG_WARN_BLOCK_CAPTURE_AUTORELEASING = YES;
				CLANG_WARN_BOOL_CONVERSION = YES;
				CLANG_WARN_COMMA = YES;
				CLANG_WARN_CONSTANT_CONVERSION = YES;
				CLANG_WARN_DEPRECATED_OBJC_IMPLEMENTATIONS = YES;
				CLANG_WARN_DIRECT_OBJC_ISA_USAGE = YES_ERROR;
				CLANG_WARN_DOCUMENTATION_COMMENTS = YES;
				CLANG_WARN_EMPTY_BODY = YES;
				CLANG_WARN_ENUM_CONVERSION = YES;
				CLANG_WARN_INFINITE_RECURSION = YES;
				CLANG_WARN_INT_CONVERSION = YES;
				CLANG_WARN_NON_LITERAL_NULL_CONVERSION = YES;
				CLANG_WARN_OBJC_IMPLICIT_RETAIN_SELF = YES;
				CLANG_WARN_OBJC_LITERAL_CONVERSION = YES;
				CLANG_WARN_OBJC_ROOT_CLASS = YES_ERROR;
				CLANG_WARN_QUOTED_INCLUDE_IN_FRAMEWORK_HEADER = YES;
				CLANG_WARN_RANGE_LOOP_ANALYSIS = YES;
				CLANG_WARN_STRICT_PROTOTYPES = YES;
				CLANG_WARN_SUSPICIOUS_MOVE = YES;
				CLANG_WARN_UNGUARDED_AVAILABILITY = YES_AGGRESSIVE;
				CLANG_WARN_UNREACHABLE_CODE = YES;
				CLANG_WARN__DUPLICATE_METHOD_MATCH = YES;
				COPY_PHASE_STRIP = NO;
				DEBUG_INFORMATION_FORMAT = dwarf;
				ENABLE_STRICT_OBJC_MSGSEND = YES;
				ENABLE_TESTABILITY = YES;
				GCC_C_LANGUAGE_STANDARD = gnu11;
				GCC_DYNAMIC_NO_PIC = NO;
				GCC_NO_COMMON_BLOCKS = YES;
				GCC_OPTIMIZATION_LEVEL = 0;
				GCC_PREPROCESSOR_DEFINITIONS = (
					"DEBUG=1",
					"$(inherited)",
				);
				GCC_WARN_64_TO_32_BIT_CONVERSION = YES;
				GCC_WARN_ABOUT_RETURN_TYPE = YES_ERROR;
				GCC_WARN_UNDECLARED_SELECTOR = YES;
				GCC_WARN_UNINITIALIZED_AUTOS = YES_AGGRESSIVE;
				GCC_WARN_UNUSED_FUNCTION = YES;
				GCC_WARN_UNUSED_VARIABLE = YES;
				IPHONEOS_DEPLOYMENT_TARGET = 16.2;
				MTL_ENABLE_DEBUG_INFO = INCLUDE_SOURCE;
				MTL_FAST_MATH = YES;
				ONLY_ACTIVE_ARCH = YES;
				SDKROOT = iphoneos;
				SWIFT_ACTIVE_COMPILATION_CONDITIONS = DEBUG;
				SWIFT_OPTIMIZATION_LEVEL = "-Onone";
			};
			name = Debug;
		};
		49D2470B29D3698700EFA156 /* Release */ = {
			isa = XCBuildConfiguration;
			buildSettings = {
				ALWAYS_SEARCH_USER_PATHS = NO;
				CLANG_ANALYZER_NONNULL = YES;
				CLANG_ANALYZER_NUMBER_OBJECT_CONVERSION = YES_AGGRESSIVE;
				CLANG_CXX_LANGUAGE_STANDARD = "gnu++20";
				CLANG_ENABLE_MODULES = YES;
				CLANG_ENABLE_OBJC_ARC = YES;
				CLANG_ENABLE_OBJC_WEAK = YES;
				CLANG_WARN_BLOCK_CAPTURE_AUTORELEASING = YES;
				CLANG_WARN_BOOL_CONVERSION = YES;
				CLANG_WARN_COMMA = YES;
				CLANG_WARN_CONSTANT_CONVERSION = YES;
				CLANG_WARN_DEPRECATED_OBJC_IMPLEMENTATIONS = YES;
				CLANG_WARN_DIRECT_OBJC_ISA_USAGE = YES_ERROR;
				CLANG_WARN_DOCUMENTATION_COMMENTS = YES;
				CLANG_WARN_EMPTY_BODY = YES;
				CLANG_WARN_ENUM_CONVERSION = YES;
				CLANG_WARN_INFINITE_RECURSION = YES;
				CLANG_WARN_INT_CONVERSION = YES;
				CLANG_WARN_NON_LITERAL_NULL_CONVERSION = YES;
				CLANG_WARN_OBJC_IMPLICIT_RETAIN_SELF = YES;
				CLANG_WARN_OBJC_LITERAL_CONVERSION = YES;
				CLANG_WARN_OBJC_ROOT_CLASS = YES_ERROR;
				CLANG_WARN_QUOTED_INCLUDE_IN_FRAMEWORK_HEADER = YES;
				CLANG_WARN_RANGE_LOOP_ANALYSIS = YES;
				CLANG_WARN_STRICT_PROTOTYPES = YES;
				CLANG_WARN_SUSPICIOUS_MOVE = YES;
				CLANG_WARN_UNGUARDED_AVAILABILITY = YES_AGGRESSIVE;
				CLANG_WARN_UNREACHABLE_CODE = YES;
				CLANG_WARN__DUPLICATE_METHOD_MATCH = YES;
				COPY_PHASE_STRIP = NO;
				DEBUG_INFORMATION_FORMAT = "dwarf-with-dsym";
				ENABLE_NS_ASSERTIONS = NO;
				ENABLE_STRICT_OBJC_MSGSEND = YES;
				GCC_C_LANGUAGE_STANDARD = gnu11;
				GCC_NO_COMMON_BLOCKS = YES;
				GCC_WARN_64_TO_32_BIT_CONVERSION = YES;
				GCC_WARN_ABOUT_RETURN_TYPE = YES_ERROR;
				GCC_WARN_UNDECLARED_SELECTOR = YES;
				GCC_WARN_UNINITIALIZED_AUTOS = YES_AGGRESSIVE;
				GCC_WARN_UNUSED_FUNCTION = YES;
				GCC_WARN_UNUSED_VARIABLE = YES;
				IPHONEOS_DEPLOYMENT_TARGET = 16.2;
				MTL_ENABLE_DEBUG_INFO = NO;
				MTL_FAST_MATH = YES;
				SDKROOT = iphoneos;
				SWIFT_COMPILATION_MODE = wholemodule;
				SWIFT_OPTIMIZATION_LEVEL = "-O";
				VALIDATE_PRODUCT = YES;
			};
			name = Release;
		};
		49D2470D29D3698700EFA156 /* Debug */ = {
			isa = XCBuildConfiguration;
			buildSettings = {
				ASSETCATALOG_COMPILER_APPICON_NAME = AppIcon;
				ASSETCATALOG_COMPILER_GLOBAL_ACCENT_COLOR_NAME = AccentColor;
				CODE_SIGN_STYLE = Automatic;
				CURRENT_PROJECT_VERSION = 1;
				DEVELOPMENT_ASSET_PATHS = "\"CalorieTracker/Preview Content\"";
				ENABLE_PREVIEWS = YES;
				GENERATE_INFOPLIST_FILE = YES;
				INFOPLIST_KEY_UIApplicationSceneManifest_Generation = YES;
				INFOPLIST_KEY_UIApplicationSupportsIndirectInputEvents = YES;
				INFOPLIST_KEY_UILaunchScreen_Generation = YES;
				INFOPLIST_KEY_UISupportedInterfaceOrientations_iPad = "UIInterfaceOrientationPortrait UIInterfaceOrientationPortraitUpsideDown UIInterfaceOrientationLandscapeLeft UIInterfaceOrientationLandscapeRight";
				INFOPLIST_KEY_UISupportedInterfaceOrientations_iPhone = "UIInterfaceOrientationPortrait UIInterfaceOrientationLandscapeLeft UIInterfaceOrientationLandscapeRight";
				LD_RUNPATH_SEARCH_PATHS = (
					"$(inherited)",
					"@executable_path/Frameworks",
				);
				MARKETING_VERSION = 1.0;
				PRODUCT_BUNDLE_IDENTIFIER = edu.central.CalorieTracker;
				PRODUCT_NAME = "$(TARGET_NAME)";
				SWIFT_EMIT_LOC_STRINGS = YES;
				SWIFT_VERSION = 5.0;
				TARGETED_DEVICE_FAMILY = "1,2";
			};
			name = Debug;
		};
		49D2470E29D3698700EFA156 /* Release */ = {
			isa = XCBuildConfiguration;
			buildSettings = {
				ASSETCATALOG_COMPILER_APPICON_NAME = AppIcon;
				ASSETCATALOG_COMPILER_GLOBAL_ACCENT_COLOR_NAME = AccentColor;
				CODE_SIGN_STYLE = Automatic;
				CURRENT_PROJECT_VERSION = 1;
				DEVELOPMENT_ASSET_PATHS = "\"CalorieTracker/Preview Content\"";
				ENABLE_PREVIEWS = YES;
				GENERATE_INFOPLIST_FILE = YES;
				INFOPLIST_KEY_UIApplicationSceneManifest_Generation = YES;
				INFOPLIST_KEY_UIApplicationSupportsIndirectInputEvents = YES;
				INFOPLIST_KEY_UILaunchScreen_Generation = YES;
				INFOPLIST_KEY_UISupportedInterfaceOrientations_iPad = "UIInterfaceOrientationPortrait UIInterfaceOrientationPortraitUpsideDown UIInterfaceOrientationLandscapeLeft UIInterfaceOrientationLandscapeRight";
				INFOPLIST_KEY_UISupportedInterfaceOrientations_iPhone = "UIInterfaceOrientationPortrait UIInterfaceOrientationLandscapeLeft UIInterfaceOrientationLandscapeRight";
				LD_RUNPATH_SEARCH_PATHS = (
					"$(inherited)",
					"@executable_path/Frameworks",
				);
				MARKETING_VERSION = 1.0;
				PRODUCT_BUNDLE_IDENTIFIER = edu.central.CalorieTracker;
				PRODUCT_NAME = "$(TARGET_NAME)";
				SWIFT_EMIT_LOC_STRINGS = YES;
				SWIFT_VERSION = 5.0;
				TARGETED_DEVICE_FAMILY = "1,2";
			};
			name = Release;
		};
/* End XCBuildConfiguration section */

/* Begin XCConfigurationList section */
		49D246F929D3698500EFA156 /* Build configuration list for PBXProject "CalorieTracker" */ = {
			isa = XCConfigurationList;
			buildConfigurations = (
				49D2470A29D3698700EFA156 /* Debug */,
				49D2470B29D3698700EFA156 /* Release */,
			);
			defaultConfigurationIsVisible = 0;
			defaultConfigurationName = Release;
		};
		49D2470C29D3698700EFA156 /* Build configuration list for PBXNativeTarget "CalorieTracker" */ = {
			isa = XCConfigurationList;
			buildConfigurations = (
				49D2470D29D3698700EFA156 /* Debug */,
				49D2470E29D3698700EFA156 /* Release */,
			);
			defaultConfigurationIsVisible = 0;
			defaultConfigurationName = Release;
		};
/* End XCConfigurationList section */
	};
	rootObject = 49D246F629D3698500EFA156 /* Project object */;
}
